// !$*UTF8*$!
{
	archiveVersion = 1;
	classes = {
	};
	objectVersion = 48;
	objects = {

/* Begin PBXBuildFile section */
		EC262BA0204B5DD300F72647 /* TableViewController.swift in Sources */ = {isa = PBXBuildFile; fileRef = EC262B9F204B5DD300F72647 /* TableViewController.swift */; };
		EC262BA2204B5FE400F72647 /* AddViewController.swift in Sources */ = {isa = PBXBuildFile; fileRef = EC262BA1204B5FE400F72647 /* AddViewController.swift */; };
		EC262BA4204B681B00F72647 /* ViewController.swift in Sources */ = {isa = PBXBuildFile; fileRef = EC262BA3204B681B00F72647 /* ViewController.swift */; };
		EC60850C204A372F00EC54C6 /* AppDelegate.swift in Sources */ = {isa = PBXBuildFile; fileRef = EC60850B204A372F00EC54C6 /* AppDelegate.swift */; };
		EC608511204A372F00EC54C6 /* Main.storyboard in Resources */ = {isa = PBXBuildFile; fileRef = EC60850F204A372F00EC54C6 /* Main.storyboard */; };
		EC608513204A372F00EC54C6 /* Assets.xcassets in Resources */ = {isa = PBXBuildFile; fileRef = EC608512204A372F00EC54C6 /* Assets.xcassets */; };
		EC608516204A372F00EC54C6 /* LaunchScreen.storyboard in Resources */ = {isa = PBXBuildFile; fileRef = EC608514204A372F00EC54C6 /* LaunchScreen.storyboard */; };
		EC608521204A372F00EC54C6 /* ForHacksTests.swift in Sources */ = {isa = PBXBuildFile; fileRef = EC608520204A372F00EC54C6 /* ForHacksTests.swift */; };
		EC60852C204A372F00EC54C6 /* ForHacksUITests.swift in Sources */ = {isa = PBXBuildFile; fileRef = EC60852B204A372F00EC54C6 /* ForHacksUITests.swift */; };
		EC6ACBA3204B7365008EF4A8 /* ConstraintViewController.swift in Sources */ = {isa = PBXBuildFile; fileRef = EC6ACBA2204B7365008EF4A8 /* ConstraintViewController.swift */; };
		EC6ACBA5204BC68D008EF4A8 /* AcceptViewController.swift in Sources */ = {isa = PBXBuildFile; fileRef = EC6ACBA4204BC68D008EF4A8 /* AcceptViewController.swift */; };
		EC6ACBA7204BDACA008EF4A8 /* ProfileViewController.swift in Sources */ = {isa = PBXBuildFile; fileRef = EC6ACBA6204BDACA008EF4A8 /* ProfileViewController.swift */; };
		EC6ACBAF204BEA4F008EF4A8 /* blue.png in Resources */ = {isa = PBXBuildFile; fileRef = EC6ACBAE204BEA4F008EF4A8 /* blue.png */; };
		EC6ACBBB204BED2C008EF4A8 /* 5.1-View available Destinations.png in Resources */ = {isa = PBXBuildFile; fileRef = EC6ACBB1204BED2C008EF4A8 /* 5.1-View available Destinations.png */; };
		EC6ACBBC204BED2C008EF4A8 /* 9.1-My Orders.png in Resources */ = {isa = PBXBuildFile; fileRef = EC6ACBB2204BED2C008EF4A8 /* 9.1-My Orders.png */; };
		EC6ACBBD204BED2C008EF4A8 /* 2.1-Sign In.png in Resources */ = {isa = PBXBuildFile; fileRef = EC6ACBB3204BED2C008EF4A8 /* 2.1-Sign In.png */; };
		EC6ACBBE204BED2C008EF4A8 /* 3.1-Welcome.png in Resources */ = {isa = PBXBuildFile; fileRef = EC6ACBB4204BED2C008EF4A8 /* 3.1-Welcome.png */; };
		EC6ACBBF204BED2C008EF4A8 /* 7.1-Confirm Order.png in Resources */ = {isa = PBXBuildFile; fileRef = EC6ACBB5204BED2C008EF4A8 /* 7.1-Confirm Order.png */; };
		EC6ACBC0204BED2C008EF4A8 /* 8.1-Placing Order-State 1.png in Resources */ = {isa = PBXBuildFile; fileRef = EC6ACBB6204BED2C008EF4A8 /* 8.1-Placing Order-State 1.png */; };
		EC6ACBC1204BED2C008EF4A8 /* 6.1-AirShare Buddy Profile 3.png in Resources */ = {isa = PBXBuildFile; fileRef = EC6ACBB7204BED2C008EF4A8 /* 6.1-AirShare Buddy Profile 3.png */; };
		EC6ACBC2204BED2C008EF4A8 /* 1.1-Home.png in Resources */ = {isa = PBXBuildFile; fileRef = EC6ACBB8204BED2C008EF4A8 /* 1.1-Home.png */; };
		EC6ACBC4204BED2C008EF4A8 /* 8.2-Placing Order-State 2.png in Resources */ = {isa = PBXBuildFile; fileRef = EC6ACBBA204BED2C008EF4A8 /* 8.2-Placing Order-State 2.png */; };
		EC6ACBC6204BF067008EF4A8 /* post_your_trip-_state_1.png in Resources */ = {isa = PBXBuildFile; fileRef = EC6ACBC5204BF067008EF4A8 /* post_your_trip-_state_1.png */; };
		EC6ACBC8204BF06F008EF4A8 /* find_your_trip-_state_1.png in Resources */ = {isa = PBXBuildFile; fileRef = EC6ACBC7204BF06F008EF4A8 /* find_your_trip-_state_1.png */; };
		EC6ACBCA204C5715008EF4A8 /* NewAcceptViewController.swift in Sources */ = {isa = PBXBuildFile; fileRef = EC6ACBC9204C5715008EF4A8 /* NewAcceptViewController.swift */; };
		ED25E1C822D93F7AF355C92A /* Pods_ForHacks.framework in Frameworks */ = {isa = PBXBuildFile; fileRef = CCE3F051666CC4C5FCF38451 /* Pods_ForHacks.framework */; };
/* End PBXBuildFile section */

/* Begin PBXContainerItemProxy section */
		EC60851D204A372F00EC54C6 /* PBXContainerItemProxy */ = {
			isa = PBXContainerItemProxy;
			containerPortal = EC608500204A372F00EC54C6 /* Project object */;
			proxyType = 1;
			remoteGlobalIDString = EC608507204A372F00EC54C6;
			remoteInfo = ForHacks;
		};
		EC608528204A372F00EC54C6 /* PBXContainerItemProxy */ = {
			isa = PBXContainerItemProxy;
			containerPortal = EC608500204A372F00EC54C6 /* Project object */;
			proxyType = 1;
			remoteGlobalIDString = EC608507204A372F00EC54C6;
			remoteInfo = ForHacks;
		};
/* End PBXContainerItemProxy section */

/* Begin PBXFileReference section */
		1FECC7F6334711C4FEE5F723 /* Pods-ForHacks.release.xcconfig */ = {isa = PBXFileReference; includeInIndex = 1; lastKnownFileType = text.xcconfig; name = "Pods-ForHacks.release.xcconfig"; path = "Pods/Target Support Files/Pods-ForHacks/Pods-ForHacks.release.xcconfig"; sourceTree = "<group>"; };
		78DB7C1107F6E47B176F4A4F /* Pods-ForHacks.debug.xcconfig */ = {isa = PBXFileReference; includeInIndex = 1; lastKnownFileType = text.xcconfig; name = "Pods-ForHacks.debug.xcconfig"; path = "Pods/Target Support Files/Pods-ForHacks/Pods-ForHacks.debug.xcconfig"; sourceTree = "<group>"; };
		CCE3F051666CC4C5FCF38451 /* Pods_ForHacks.framework */ = {isa = PBXFileReference; explicitFileType = wrapper.framework; includeInIndex = 0; path = Pods_ForHacks.framework; sourceTree = BUILT_PRODUCTS_DIR; };
		EC262B9F204B5DD300F72647 /* TableViewController.swift */ = {isa = PBXFileReference; lastKnownFileType = sourcecode.swift; path = TableViewController.swift; sourceTree = "<group>"; };
		EC262BA1204B5FE400F72647 /* AddViewController.swift */ = {isa = PBXFileReference; lastKnownFileType = sourcecode.swift; path = AddViewController.swift; sourceTree = "<group>"; };
		EC262BA3204B681B00F72647 /* ViewController.swift */ = {isa = PBXFileReference; lastKnownFileType = sourcecode.swift; path = ViewController.swift; sourceTree = "<group>"; };
		EC608508204A372F00EC54C6 /* ForHacks.app */ = {isa = PBXFileReference; explicitFileType = wrapper.application; includeInIndex = 0; path = ForHacks.app; sourceTree = BUILT_PRODUCTS_DIR; };
		EC60850B204A372F00EC54C6 /* AppDelegate.swift */ = {isa = PBXFileReference; lastKnownFileType = sourcecode.swift; path = AppDelegate.swift; sourceTree = "<group>"; };
		EC608510204A372F00EC54C6 /* Base */ = {isa = PBXFileReference; lastKnownFileType = file.storyboard; name = Base; path = Base.lproj/Main.storyboard; sourceTree = "<group>"; };
		EC608512204A372F00EC54C6 /* Assets.xcassets */ = {isa = PBXFileReference; lastKnownFileType = folder.assetcatalog; path = Assets.xcassets; sourceTree = "<group>"; };
		EC608515204A372F00EC54C6 /* Base */ = {isa = PBXFileReference; lastKnownFileType = file.storyboard; name = Base; path = Base.lproj/LaunchScreen.storyboard; sourceTree = "<group>"; };
		EC608517204A372F00EC54C6 /* Info.plist */ = {isa = PBXFileReference; lastKnownFileType = text.plist.xml; path = Info.plist; sourceTree = "<group>"; };
		EC60851C204A372F00EC54C6 /* ForHacksTests.xctest */ = {isa = PBXFileReference; explicitFileType = wrapper.cfbundle; includeInIndex = 0; path = ForHacksTests.xctest; sourceTree = BUILT_PRODUCTS_DIR; };
		EC608520204A372F00EC54C6 /* ForHacksTests.swift */ = {isa = PBXFileReference; lastKnownFileType = sourcecode.swift; path = ForHacksTests.swift; sourceTree = "<group>"; };
		EC608522204A372F00EC54C6 /* Info.plist */ = {isa = PBXFileReference; lastKnownFileType = text.plist.xml; path = Info.plist; sourceTree = "<group>"; };
		EC608527204A372F00EC54C6 /* ForHacksUITests.xctest */ = {isa = PBXFileReference; explicitFileType = wrapper.cfbundle; includeInIndex = 0; path = ForHacksUITests.xctest; sourceTree = BUILT_PRODUCTS_DIR; };
		EC60852B204A372F00EC54C6 /* ForHacksUITests.swift */ = {isa = PBXFileReference; lastKnownFileType = sourcecode.swift; path = ForHacksUITests.swift; sourceTree = "<group>"; };
		EC60852D204A372F00EC54C6 /* Info.plist */ = {isa = PBXFileReference; lastKnownFileType = text.plist.xml; path = Info.plist; sourceTree = "<group>"; };
		EC6ACBA2204B7365008EF4A8 /* ConstraintViewController.swift */ = {isa = PBXFileReference; lastKnownFileType = sourcecode.swift; path = ConstraintViewController.swift; sourceTree = "<group>"; };
		EC6ACBA4204BC68D008EF4A8 /* AcceptViewController.swift */ = {isa = PBXFileReference; lastKnownFileType = sourcecode.swift; path = AcceptViewController.swift; sourceTree = "<group>"; };
		EC6ACBA6204BDACA008EF4A8 /* ProfileViewController.swift */ = {isa = PBXFileReference; lastKnownFileType = sourcecode.swift; path = ProfileViewController.swift; sourceTree = "<group>"; };
		EC6ACBAE204BEA4F008EF4A8 /* blue.png */ = {isa = PBXFileReference; lastKnownFileType = image.png; path = blue.png; sourceTree = "<group>"; };
		EC6ACBB1204BED2C008EF4A8 /* 5.1-View available Destinations.png */ = {isa = PBXFileReference; lastKnownFileType = image.png; path = "5.1-View available Destinations.png"; sourceTree = "<group>"; };
		EC6ACBB2204BED2C008EF4A8 /* 9.1-My Orders.png */ = {isa = PBXFileReference; lastKnownFileType = image.png; path = "9.1-My Orders.png"; sourceTree = "<group>"; };
		EC6ACBB3204BED2C008EF4A8 /* 2.1-Sign In.png */ = {isa = PBXFileReference; lastKnownFileType = image.png; path = "2.1-Sign In.png"; sourceTree = "<group>"; };
		EC6ACBB4204BED2C008EF4A8 /* 3.1-Welcome.png */ = {isa = PBXFileReference; lastKnownFileType = image.png; path = "3.1-Welcome.png"; sourceTree = "<group>"; };
		EC6ACBB5204BED2C008EF4A8 /* 7.1-Confirm Order.png */ = {isa = PBXFileReference; lastKnownFileType = image.png; path = "7.1-Confirm Order.png"; sourceTree = "<group>"; };
		EC6ACBB6204BED2C008EF4A8 /* 8.1-Placing Order-State 1.png */ = {isa = PBXFileReference; lastKnownFileType = image.png; path = "8.1-Placing Order-State 1.png"; sourceTree = "<group>"; };
		EC6ACBB7204BED2C008EF4A8 /* 6.1-AirShare Buddy Profile 3.png */ = {isa = PBXFileReference; lastKnownFileType = image.png; path = "6.1-AirShare Buddy Profile 3.png"; sourceTree = "<group>"; };
		EC6ACBB8204BED2C008EF4A8 /* 1.1-Home.png */ = {isa = PBXFileReference; lastKnownFileType = image.png; path = "1.1-Home.png"; sourceTree = "<group>"; };
		EC6ACBBA204BED2C008EF4A8 /* 8.2-Placing Order-State 2.png */ = {isa = PBXFileReference; lastKnownFileType = image.png; path = "8.2-Placing Order-State 2.png"; sourceTree = "<group>"; };
		EC6ACBC5204BF067008EF4A8 /* post_your_trip-_state_1.png */ = {isa = PBXFileReference; lastKnownFileType = image.png; path = "post_your_trip-_state_1.png"; sourceTree = "<group>"; };
		EC6ACBC7204BF06F008EF4A8 /* find_your_trip-_state_1.png */ = {isa = PBXFileReference; lastKnownFileType = image.png; path = "find_your_trip-_state_1.png"; sourceTree = "<group>"; };
		EC6ACBC9204C5715008EF4A8 /* NewAcceptViewController.swift */ = {isa = PBXFileReference; lastKnownFileType = sourcecode.swift; path = NewAcceptViewController.swift; sourceTree = "<group>"; };
/* End PBXFileReference section */

/* Begin PBXFrameworksBuildPhase section */
		EC608505204A372F00EC54C6 /* Frameworks */ = {
			isa = PBXFrameworksBuildPhase;
			buildActionMask = 2147483647;
			files = (
				ED25E1C822D93F7AF355C92A /* Pods_ForHacks.framework in Frameworks */,
			);
			runOnlyForDeploymentPostprocessing = 0;
		};
		EC608519204A372F00EC54C6 /* Frameworks */ = {
			isa = PBXFrameworksBuildPhase;
			buildActionMask = 2147483647;
			files = (
			);
			runOnlyForDeploymentPostprocessing = 0;
		};
		EC608524204A372F00EC54C6 /* Frameworks */ = {
			isa = PBXFrameworksBuildPhase;
			buildActionMask = 2147483647;
			files = (
			);
			runOnlyForDeploymentPostprocessing = 0;
		};
/* End PBXFrameworksBuildPhase section */

/* Begin PBXGroup section */
		75EED7E85B42511AA2156986 /* Frameworks */ = {
			isa = PBXGroup;
			children = (
				CCE3F051666CC4C5FCF38451 /* Pods_ForHacks.framework */,
			);
			name = Frameworks;
			sourceTree = "<group>";
		};
		89A6232CEFBE6D588A8FFB46 /* Pods */ = {
			isa = PBXGroup;
			children = (
				78DB7C1107F6E47B176F4A4F /* Pods-ForHacks.debug.xcconfig */,
				1FECC7F6334711C4FEE5F723 /* Pods-ForHacks.release.xcconfig */,
			);
			name = Pods;
			sourceTree = "<group>";
		};
		EC6084FF204A372F00EC54C6 = {
			isa = PBXGroup;
			children = (
				EC60850A204A372F00EC54C6 /* ForHacks */,
				EC60851F204A372F00EC54C6 /* ForHacksTests */,
				EC60852A204A372F00EC54C6 /* ForHacksUITests */,
				EC608509204A372F00EC54C6 /* Products */,
				89A6232CEFBE6D588A8FFB46 /* Pods */,
				75EED7E85B42511AA2156986 /* Frameworks */,
			);
			sourceTree = "<group>";
		};
		EC608509204A372F00EC54C6 /* Products */ = {
			isa = PBXGroup;
			children = (
				EC608508204A372F00EC54C6 /* ForHacks.app */,
				EC60851C204A372F00EC54C6 /* ForHacksTests.xctest */,
				EC608527204A372F00EC54C6 /* ForHacksUITests.xctest */,
			);
			name = Products;
			sourceTree = "<group>";
		};
		EC60850A204A372F00EC54C6 /* ForHacks */ = {
			isa = PBXGroup;
			children = (
				EC60850B204A372F00EC54C6 /* AppDelegate.swift */,
				EC60850F204A372F00EC54C6 /* Main.storyboard */,
				EC6ACBC9204C5715008EF4A8 /* NewAcceptViewController.swift */,
				EC6ACBA6204BDACA008EF4A8 /* ProfileViewController.swift */,
				EC6ACBA4204BC68D008EF4A8 /* AcceptViewController.swift */,
				EC6ACBA2204B7365008EF4A8 /* ConstraintViewController.swift */,
				EC262BA3204B681B00F72647 /* ViewController.swift */,
				EC262BA1204B5FE400F72647 /* AddViewController.swift */,
				EC262B9F204B5DD300F72647 /* TableViewController.swift */,
				EC608512204A372F00EC54C6 /* Assets.xcassets */,
				EC608514204A372F00EC54C6 /* LaunchScreen.storyboard */,
				EC608517204A372F00EC54C6 /* Info.plist */,
				EC6ACBAE204BEA4F008EF4A8 /* blue.png */,
				EC6ACBB0204BED2C008EF4A8 /* protoio-Airshare-screenshots */,
			);
			path = ForHacks;
			sourceTree = "<group>";
		};
		EC60851F204A372F00EC54C6 /* ForHacksTests */ = {
			isa = PBXGroup;
			children = (
				EC608520204A372F00EC54C6 /* ForHacksTests.swift */,
				EC608522204A372F00EC54C6 /* Info.plist */,
			);
			path = ForHacksTests;
			sourceTree = "<group>";
		};
		EC60852A204A372F00EC54C6 /* ForHacksUITests */ = {
			isa = PBXGroup;
			children = (
				EC60852B204A372F00EC54C6 /* ForHacksUITests.swift */,
				EC60852D204A372F00EC54C6 /* Info.plist */,
			);
			path = ForHacksUITests;
			sourceTree = "<group>";
		};
		EC6ACBB0204BED2C008EF4A8 /* protoio-Airshare-screenshots */ = {
			isa = PBXGroup;
			children = (
				EC6ACBB1204BED2C008EF4A8 /* 5.1-View available Destinations.png */,
				EC6ACBB2204BED2C008EF4A8 /* 9.1-My Orders.png */,
				EC6ACBB3204BED2C008EF4A8 /* 2.1-Sign In.png */,
				EC6ACBB4204BED2C008EF4A8 /* 3.1-Welcome.png */,
				EC6ACBB5204BED2C008EF4A8 /* 7.1-Confirm Order.png */,
				EC6ACBB6204BED2C008EF4A8 /* 8.1-Placing Order-State 1.png */,
				EC6ACBB7204BED2C008EF4A8 /* 6.1-AirShare Buddy Profile 3.png */,
				EC6ACBB8204BED2C008EF4A8 /* 1.1-Home.png */,
				EC6ACBBA204BED2C008EF4A8 /* 8.2-Placing Order-State 2.png */,
				EC6ACBC5204BF067008EF4A8 /* post_your_trip-_state_1.png */,
				EC6ACBC7204BF06F008EF4A8 /* find_your_trip-_state_1.png */,
			);
			path = "protoio-Airshare-screenshots";
			sourceTree = "<group>";
		};
/* End PBXGroup section */

/* Begin PBXNativeTarget section */
		EC608507204A372F00EC54C6 /* ForHacks */ = {
			isa = PBXNativeTarget;
			buildConfigurationList = EC608530204A372F00EC54C6 /* Build configuration list for PBXNativeTarget "ForHacks" */;
			buildPhases = (
				078AA5AE256DBF41E2ADF0E6 /* [CP] Check Pods Manifest.lock */,
				EC608504204A372F00EC54C6 /* Sources */,
				EC608505204A372F00EC54C6 /* Frameworks */,
				EC608506204A372F00EC54C6 /* Resources */,
				506398A0C42DC6A94DC6C37B /* [CP] Embed Pods Frameworks */,
				0508835B29E432598DC87D07 /* [CP] Copy Pods Resources */,
			);
			buildRules = (
			);
			dependencies = (
			);
			name = ForHacks;
			productName = ForHacks;
			productReference = EC608508204A372F00EC54C6 /* ForHacks.app */;
			productType = "com.apple.product-type.application";
		};
		EC60851B204A372F00EC54C6 /* ForHacksTests */ = {
			isa = PBXNativeTarget;
			buildConfigurationList = EC608533204A372F00EC54C6 /* Build configuration list for PBXNativeTarget "ForHacksTests" */;
			buildPhases = (
				EC608518204A372F00EC54C6 /* Sources */,
				EC608519204A372F00EC54C6 /* Frameworks */,
				EC60851A204A372F00EC54C6 /* Resources */,
			);
			buildRules = (
			);
			dependencies = (
				EC60851E204A372F00EC54C6 /* PBXTargetDependency */,
			);
			name = ForHacksTests;
			productName = ForHacksTests;
			productReference = EC60851C204A372F00EC54C6 /* ForHacksTests.xctest */;
			productType = "com.apple.product-type.bundle.unit-test";
		};
		EC608526204A372F00EC54C6 /* ForHacksUITests */ = {
			isa = PBXNativeTarget;
			buildConfigurationList = EC608536204A372F00EC54C6 /* Build configuration list for PBXNativeTarget "ForHacksUITests" */;
			buildPhases = (
				EC608523204A372F00EC54C6 /* Sources */,
				EC608524204A372F00EC54C6 /* Frameworks */,
				EC608525204A372F00EC54C6 /* Resources */,
			);
			buildRules = (
			);
			dependencies = (
				EC608529204A372F00EC54C6 /* PBXTargetDependency */,
			);
			name = ForHacksUITests;
			productName = ForHacksUITests;
			productReference = EC608527204A372F00EC54C6 /* ForHacksUITests.xctest */;
			productType = "com.apple.product-type.bundle.ui-testing";
		};
/* End PBXNativeTarget section */

/* Begin PBXProject section */
		EC608500204A372F00EC54C6 /* Project object */ = {
			isa = PBXProject;
			attributes = {
				LastSwiftUpdateCheck = 0920;
				LastUpgradeCheck = 0920;
				ORGANIZATIONNAME = "Gary Hicks";
				TargetAttributes = {
					EC608507204A372F00EC54C6 = {
						CreatedOnToolsVersion = 9.2;
						ProvisioningStyle = Automatic;
					};
					EC60851B204A372F00EC54C6 = {
						CreatedOnToolsVersion = 9.2;
						ProvisioningStyle = Automatic;
						TestTargetID = EC608507204A372F00EC54C6;
					};
					EC608526204A372F00EC54C6 = {
						CreatedOnToolsVersion = 9.2;
						ProvisioningStyle = Automatic;
						TestTargetID = EC608507204A372F00EC54C6;
					};
				};
			};
			buildConfigurationList = EC608503204A372F00EC54C6 /* Build configuration list for PBXProject "ForHacks" */;
			compatibilityVersion = "Xcode 8.0";
			developmentRegion = en;
			hasScannedForEncodings = 0;
			knownRegions = (
				en,
				Base,
			);
			mainGroup = EC6084FF204A372F00EC54C6;
			productRefGroup = EC608509204A372F00EC54C6 /* Products */;
			projectDirPath = "";
			projectRoot = "";
			targets = (
				EC608507204A372F00EC54C6 /* ForHacks */,
				EC60851B204A372F00EC54C6 /* ForHacksTests */,
				EC608526204A372F00EC54C6 /* ForHacksUITests */,
			);
		};
/* End PBXProject section */

/* Begin PBXResourcesBuildPhase section */
		EC608506204A372F00EC54C6 /* Resources */ = {
			isa = PBXResourcesBuildPhase;
			buildActionMask = 2147483647;
			files = (
				EC608516204A372F00EC54C6 /* LaunchScreen.storyboard in Resources */,
				EC6ACBC2204BED2C008EF4A8 /* 1.1-Home.png in Resources */,
				EC6ACBBD204BED2C008EF4A8 /* 2.1-Sign In.png in Resources */,
				EC608513204A372F00EC54C6 /* Assets.xcassets in Resources */,
				EC6ACBBF204BED2C008EF4A8 /* 7.1-Confirm Order.png in Resources */,
				EC6ACBBC204BED2C008EF4A8 /* 9.1-My Orders.png in Resources */,
				EC6ACBC0204BED2C008EF4A8 /* 8.1-Placing Order-State 1.png in Resources */,
				EC6ACBC4204BED2C008EF4A8 /* 8.2-Placing Order-State 2.png in Resources */,
				EC608511204A372F00EC54C6 /* Main.storyboard in Resources */,
				EC6ACBBE204BED2C008EF4A8 /* 3.1-Welcome.png in Resources */,
				EC6ACBC1204BED2C008EF4A8 /* 6.1-AirShare Buddy Profile 3.png in Resources */,
				EC6ACBC8204BF06F008EF4A8 /* find_your_trip-_state_1.png in Resources */,
				EC6ACBBB204BED2C008EF4A8 /* 5.1-View available Destinations.png in Resources */,
				EC6ACBAF204BEA4F008EF4A8 /* blue.png in Resources */,
				EC6ACBC6204BF067008EF4A8 /* post_your_trip-_state_1.png in Resources */,
			);
			runOnlyForDeploymentPostprocessing = 0;
		};
		EC60851A204A372F00EC54C6 /* Resources */ = {
			isa = PBXResourcesBuildPhase;
			buildActionMask = 2147483647;
			files = (
			);
			runOnlyForDeploymentPostprocessing = 0;
		};
		EC608525204A372F00EC54C6 /* Resources */ = {
			isa = PBXResourcesBuildPhase;
			buildActionMask = 2147483647;
			files = (
			);
			runOnlyForDeploymentPostprocessing = 0;
		};
/* End PBXResourcesBuildPhase section */

/* Begin PBXShellScriptBuildPhase section */
		0508835B29E432598DC87D07 /* [CP] Copy Pods Resources */ = {
			isa = PBXShellScriptBuildPhase;
			buildActionMask = 2147483647;
			files = (
			);
			inputPaths = (
			);
			name = "[CP] Copy Pods Resources";
			outputPaths = (
			);
			runOnlyForDeploymentPostprocessing = 0;
			shellPath = /bin/sh;
			shellScript = "\"${SRCROOT}/Pods/Target Support Files/Pods-ForHacks/Pods-ForHacks-resources.sh\"\n";
			showEnvVarsInLog = 0;
		};
		078AA5AE256DBF41E2ADF0E6 /* [CP] Check Pods Manifest.lock */ = {
			isa = PBXShellScriptBuildPhase;
			buildActionMask = 2147483647;
			files = (
			);
			inputPaths = (
				"${PODS_PODFILE_DIR_PATH}/Podfile.lock",
				"${PODS_ROOT}/Manifest.lock",
			);
			name = "[CP] Check Pods Manifest.lock";
			outputPaths = (
				"$(DERIVED_FILE_DIR)/Pods-ForHacks-checkManifestLockResult.txt",
			);
			runOnlyForDeploymentPostprocessing = 0;
			shellPath = /bin/sh;
			shellScript = "diff \"${PODS_PODFILE_DIR_PATH}/Podfile.lock\" \"${PODS_ROOT}/Manifest.lock\" > /dev/null\nif [ $? != 0 ] ; then\n    # print error to STDERR\n    echo \"error: The sandbox is not in sync with the Podfile.lock. Run 'pod install' or update your CocoaPods installation.\" >&2\n    exit 1\nfi\n# This output is used by Xcode 'outputs' to avoid re-running this script phase.\necho \"SUCCESS\" > \"${SCRIPT_OUTPUT_FILE_0}\"\n";
			showEnvVarsInLog = 0;
		};
		506398A0C42DC6A94DC6C37B /* [CP] Embed Pods Frameworks */ = {
			isa = PBXShellScriptBuildPhase;
			buildActionMask = 2147483647;
			files = (
			);
			inputPaths = (
				"${SRCROOT}/Pods/Target Support Files/Pods-ForHacks/Pods-ForHacks-frameworks.sh",
				"${BUILT_PRODUCTS_DIR}/Bolts/Bolts.framework",
				"${BUILT_PRODUCTS_DIR}/Parse/Parse.framework",
			);
			name = "[CP] Embed Pods Frameworks";
			outputPaths = (
				"${TARGET_BUILD_DIR}/${FRAMEWORKS_FOLDER_PATH}/Bolts.framework",
				"${TARGET_BUILD_DIR}/${FRAMEWORKS_FOLDER_PATH}/Parse.framework",
			);
			runOnlyForDeploymentPostprocessing = 0;
			shellPath = /bin/sh;
			shellScript = "\"${SRCROOT}/Pods/Target Support Files/Pods-ForHacks/Pods-ForHacks-frameworks.sh\"\n";
			showEnvVarsInLog = 0;
		};
/* End PBXShellScriptBuildPhase section */

/* Begin PBXSourcesBuildPhase section */
		EC608504204A372F00EC54C6 /* Sources */ = {
			isa = PBXSourcesBuildPhase;
			buildActionMask = 2147483647;
			files = (
				EC262BA0204B5DD300F72647 /* TableViewController.swift in Sources */,
				EC6ACBCA204C5715008EF4A8 /* NewAcceptViewController.swift in Sources */,
				EC262BA2204B5FE400F72647 /* AddViewController.swift in Sources */,
				EC6ACBA5204BC68D008EF4A8 /* AcceptViewController.swift in Sources */,
				EC262BA4204B681B00F72647 /* ViewController.swift in Sources */,
				EC6ACBA7204BDACA008EF4A8 /* ProfileViewController.swift in Sources */,
				EC6ACBA3204B7365008EF4A8 /* ConstraintViewController.swift in Sources */,
				EC60850C204A372F00EC54C6 /* AppDelegate.swift in Sources */,
			);
			runOnlyForDeploymentPostprocessing = 0;
		};
		EC608518204A372F00EC54C6 /* Sources */ = {
			isa = PBXSourcesBuildPhase;
			buildActionMask = 2147483647;
			files = (
				EC608521204A372F00EC54C6 /* ForHacksTests.swift in Sources */,
			);
			runOnlyForDeploymentPostprocessing = 0;
		};
		EC608523204A372F00EC54C6 /* Sources */ = {
			isa = PBXSourcesBuildPhase;
			buildActionMask = 2147483647;
			files = (
				EC60852C204A372F00EC54C6 /* ForHacksUITests.swift in Sources */,
			);
			runOnlyForDeploymentPostprocessing = 0;
		};
/* End PBXSourcesBuildPhase section */

/* Begin PBXTargetDependency section */
		EC60851E204A372F00EC54C6 /* PBXTargetDependency */ = {
			isa = PBXTargetDependency;
			target = EC608507204A372F00EC54C6 /* ForHacks */;
			targetProxy = EC60851D204A372F00EC54C6 /* PBXContainerItemProxy */;
		};
		EC608529204A372F00EC54C6 /* PBXTargetDependency */ = {
			isa = PBXTargetDependency;
			target = EC608507204A372F00EC54C6 /* ForHacks */;
			targetProxy = EC608528204A372F00EC54C6 /* PBXContainerItemProxy */;
		};
/* End PBXTargetDependency section */

/* Begin PBXVariantGroup section */
		EC60850F204A372F00EC54C6 /* Main.storyboard */ = {
			isa = PBXVariantGroup;
			children = (
				EC608510204A372F00EC54C6 /* Base */,
			);
			name = Main.storyboard;
			sourceTree = "<group>";
		};
		EC608514204A372F00EC54C6 /* LaunchScreen.storyboard */ = {
			isa = PBXVariantGroup;
			children = (
				EC608515204A372F00EC54C6 /* Base */,
			);
			name = LaunchScreen.storyboard;
			sourceTree = "<group>";
		};
/* End PBXVariantGroup section */

/* Begin XCBuildConfiguration section */
		EC60852E204A372F00EC54C6 /* Debug */ = {
			isa = XCBuildConfiguration;
			buildSettings = {
				ALWAYS_SEARCH_USER_PATHS = NO;
				CLANG_ANALYZER_NONNULL = YES;
				CLANG_ANALYZER_NUMBER_OBJECT_CONVERSION = YES_AGGRESSIVE;
				CLANG_CXX_LANGUAGE_STANDARD = "gnu++14";
				CLANG_CXX_LIBRARY = "libc++";
				CLANG_ENABLE_MODULES = YES;
				CLANG_ENABLE_OBJC_ARC = YES;
				CLANG_WARN_BLOCK_CAPTURE_AUTORELEASING = YES;
				CLANG_WARN_BOOL_CONVERSION = YES;
				CLANG_WARN_COMMA = YES;
				CLANG_WARN_CONSTANT_CONVERSION = YES;
				CLANG_WARN_DIRECT_OBJC_ISA_USAGE = YES_ERROR;
				CLANG_WARN_DOCUMENTATION_COMMENTS = YES;
				CLANG_WARN_EMPTY_BODY = YES;
				CLANG_WARN_ENUM_CONVERSION = YES;
				CLANG_WARN_INFINITE_RECURSION = YES;
				CLANG_WARN_INT_CONVERSION = YES;
				CLANG_WARN_NON_LITERAL_NULL_CONVERSION = YES;
				CLANG_WARN_OBJC_LITERAL_CONVERSION = YES;
				CLANG_WARN_OBJC_ROOT_CLASS = YES_ERROR;
				CLANG_WARN_RANGE_LOOP_ANALYSIS = YES;
				CLANG_WARN_STRICT_PROTOTYPES = YES;
				CLANG_WARN_SUSPICIOUS_MOVE = YES;
				CLANG_WARN_UNGUARDED_AVAILABILITY = YES_AGGRESSIVE;
				CLANG_WARN_UNREACHABLE_CODE = YES;
				CLANG_WARN__DUPLICATE_METHOD_MATCH = YES;
				CODE_SIGN_IDENTITY = "iPhone Developer";
				COPY_PHASE_STRIP = NO;
				DEBUG_INFORMATION_FORMAT = dwarf;
				ENABLE_STRICT_OBJC_MSGSEND = YES;
				ENABLE_TESTABILITY = YES;
				GCC_C_LANGUAGE_STANDARD = gnu11;
				GCC_DYNAMIC_NO_PIC = NO;
				GCC_NO_COMMON_BLOCKS = YES;
				GCC_OPTIMIZATION_LEVEL = 0;
				GCC_PREPROCESSOR_DEFINITIONS = (
					"DEBUG=1",
					"$(inherited)",
				);
				GCC_WARN_64_TO_32_BIT_CONVERSION = YES;
				GCC_WARN_ABOUT_RETURN_TYPE = YES_ERROR;
				GCC_WARN_UNDECLARED_SELECTOR = YES;
				GCC_WARN_UNINITIALIZED_AUTOS = YES_AGGRESSIVE;
				GCC_WARN_UNUSED_FUNCTION = YES;
				GCC_WARN_UNUSED_VARIABLE = YES;
				IPHONEOS_DEPLOYMENT_TARGET = 11.2;
				MTL_ENABLE_DEBUG_INFO = YES;
				ONLY_ACTIVE_ARCH = YES;
				SDKROOT = iphoneos;
				SWIFT_ACTIVE_COMPILATION_CONDITIONS = DEBUG;
				SWIFT_OPTIMIZATION_LEVEL = "-Onone";
			};
			name = Debug;
		};
		EC60852F204A372F00EC54C6 /* Release */ = {
			isa = XCBuildConfiguration;
			buildSettings = {
				ALWAYS_SEARCH_USER_PATHS = NO;
				CLANG_ANALYZER_NONNULL = YES;
				CLANG_ANALYZER_NUMBER_OBJECT_CONVERSION = YES_AGGRESSIVE;
				CLANG_CXX_LANGUAGE_STANDARD = "gnu++14";
				CLANG_CXX_LIBRARY = "libc++";
				CLANG_ENABLE_MODULES = YES;
				CLANG_ENABLE_OBJC_ARC = YES;
				CLANG_WARN_BLOCK_CAPTURE_AUTORELEASING = YES;
				CLANG_WARN_BOOL_CONVERSION = YES;
				CLANG_WARN_COMMA = YES;
				CLANG_WARN_CONSTANT_CONVERSION = YES;
				CLANG_WARN_DIRECT_OBJC_ISA_USAGE = YES_ERROR;
				CLANG_WARN_DOCUMENTATION_COMMENTS = YES;
				CLANG_WARN_EMPTY_BODY = YES;
				CLANG_WARN_ENUM_CONVERSION = YES;
				CLANG_WARN_INFINITE_RECURSION = YES;
				CLANG_WARN_INT_CONVERSION = YES;
				CLANG_WARN_NON_LITERAL_NULL_CONVERSION = YES;
				CLANG_WARN_OBJC_LITERAL_CONVERSION = YES;
				CLANG_WARN_OBJC_ROOT_CLASS = YES_ERROR;
				CLANG_WARN_RANGE_LOOP_ANALYSIS = YES;
				CLANG_WARN_STRICT_PROTOTYPES = YES;
				CLANG_WARN_SUSPICIOUS_MOVE = YES;
				CLANG_WARN_UNGUARDED_AVAILABILITY = YES_AGGRESSIVE;
				CLANG_WARN_UNREACHABLE_CODE = YES;
				CLANG_WARN__DUPLICATE_METHOD_MATCH = YES;
				CODE_SIGN_IDENTITY = "iPhone Developer";
				COPY_PHASE_STRIP = NO;
				DEBUG_INFORMATION_FORMAT = "dwarf-with-dsym";
				ENABLE_NS_ASSERTIONS = NO;
				ENABLE_STRICT_OBJC_MSGSEND = YES;
				GCC_C_LANGUAGE_STANDARD = gnu11;
				GCC_NO_COMMON_BLOCKS = YES;
				GCC_WARN_64_TO_32_BIT_CONVERSION = YES;
				GCC_WARN_ABOUT_RETURN_TYPE = YES_ERROR;
				GCC_WARN_UNDECLARED_SELECTOR = YES;
				GCC_WARN_UNINITIALIZED_AUTOS = YES_AGGRESSIVE;
				GCC_WARN_UNUSED_FUNCTION = YES;
				GCC_WARN_UNUSED_VARIABLE = YES;
				IPHONEOS_DEPLOYMENT_TARGET = 11.2;
				MTL_ENABLE_DEBUG_INFO = NO;
				SDKROOT = iphoneos;
				SWIFT_OPTIMIZATION_LEVEL = "-Owholemodule";
				VALIDATE_PRODUCT = YES;
			};
			name = Release;
		};
		EC608531204A372F00EC54C6 /* Debug */ = {
			isa = XCBuildConfiguration;
			baseConfigurationReference = 78DB7C1107F6E47B176F4A4F /* Pods-ForHacks.debug.xcconfig */;
			buildSettings = {
				ASSETCATALOG_COMPILER_APPICON_NAME = AppIcon;
				CODE_SIGN_STYLE = Automatic;
				INFOPLIST_FILE = ForHacks/Info.plist;
				LD_RUNPATH_SEARCH_PATHS = "$(inherited) @executable_path/Frameworks";
				PRODUCT_BUNDLE_IDENTIFIER = garyhicks.ForHacks;
				PRODUCT_NAME = "$(TARGET_NAME)";
				SWIFT_VERSION = 4.0;
				TARGETED_DEVICE_FAMILY = "1,2";
			};
			name = Debug;
		};
		EC608532204A372F00EC54C6 /* Release */ = {
			isa = XCBuildConfiguration;
			baseConfigurationReference = 1FECC7F6334711C4FEE5F723 /* Pods-ForHacks.release.xcconfig */;
			buildSettings = {
				ASSETCATALOG_COMPILER_APPICON_NAME = AppIcon;
				CODE_SIGN_STYLE = Automatic;
				INFOPLIST_FILE = ForHacks/Info.plist;
				LD_RUNPATH_SEARCH_PATHS = "$(inherited) @executable_path/Frameworks";
				PRODUCT_BUNDLE_IDENTIFIER = garyhicks.ForHacks;
				PRODUCT_NAME = "$(TARGET_NAME)";
				SWIFT_VERSION = 4.0;
				TARGETED_DEVICE_FAMILY = "1,2";
			};
			name = Release;
		};
		EC608534204A372F00EC54C6 /* Debug */ = {
			isa = XCBuildConfiguration;
			buildSettings = {
				ALWAYS_EMBED_SWIFT_STANDARD_LIBRARIES = YES;
				BUNDLE_LOADER = "$(TEST_HOST)";
				CODE_SIGN_STYLE = Automatic;
				INFOPLIST_FILE = ForHacksTests/Info.plist;
				LD_RUNPATH_SEARCH_PATHS = "$(inherited) @executable_path/Frameworks @loader_path/Frameworks";
				PRODUCT_BUNDLE_IDENTIFIER = garyhicks.ForHacksTests;
				PRODUCT_NAME = "$(TARGET_NAME)";
				SWIFT_VERSION = 4.0;
				TARGETED_DEVICE_FAMILY = "1,2";
				TEST_HOST = "$(BUILT_PRODUCTS_DIR)/ForHacks.app/ForHacks";
			};
			name = Debug;
		};
		EC608535204A372F00EC54C6 /* Release */ = {
			isa = XCBuildConfiguration;
			buildSettings = {
				ALWAYS_EMBED_SWIFT_STANDARD_LIBRARIES = YES;
				BUNDLE_LOADER = "$(TEST_HOST)";
				CODE_SIGN_STYLE = Automatic;
				INFOPLIST_FILE = ForHacksTests/Info.plist;
				LD_RUNPATH_SEARCH_PATHS = "$(inherited) @executable_path/Frameworks @loader_path/Frameworks";
				PRODUCT_BUNDLE_IDENTIFIER = garyhicks.ForHacksTests;
				PRODUCT_NAME = "$(TARGET_NAME)";
				SWIFT_VERSION = 4.0;
				TARGETED_DEVICE_FAMILY = "1,2";
				TEST_HOST = "$(BUILT_PRODUCTS_DIR)/ForHacks.app/ForHacks";
			};
			name = Release;
		};
		EC608537204A372F00EC54C6 /* Debug */ = {
			isa = XCBuildConfiguration;
			buildSettings = {
				ALWAYS_EMBED_SWIFT_STANDARD_LIBRARIES = YES;
				CODE_SIGN_STYLE = Automatic;
				INFOPLIST_FILE = ForHacksUITests/Info.plist;
				LD_RUNPATH_SEARCH_PATHS = "$(inherited) @executable_path/Frameworks @loader_path/Frameworks";
				PRODUCT_BUNDLE_IDENTIFIER = garyhicks.ForHacksUITests;
				PRODUCT_NAME = "$(TARGET_NAME)";
				SWIFT_VERSION = 4.0;
				TARGETED_DEVICE_FAMILY = "1,2";
				TEST_TARGET_NAME = ForHacks;
			};
			name = Debug;
		};
		EC608538204A372F00EC54C6 /* Release */ = {
			isa = XCBuildConfiguration;
			buildSettings = {
				ALWAYS_EMBED_SWIFT_STANDARD_LIBRARIES = YES;
				CODE_SIGN_STYLE = Automatic;
				INFOPLIST_FILE = ForHacksUITests/Info.plist;
				LD_RUNPATH_SEARCH_PATHS = "$(inherited) @executable_path/Frameworks @loader_path/Frameworks";
				PRODUCT_BUNDLE_IDENTIFIER = garyhicks.ForHacksUITests;
				PRODUCT_NAME = "$(TARGET_NAME)";
				SWIFT_VERSION = 4.0;
				TARGETED_DEVICE_FAMILY = "1,2";
				TEST_TARGET_NAME = ForHacks;
			};
			name = Release;
		};
/* End XCBuildConfiguration section */

/* Begin XCConfigurationList section */
		EC608503204A372F00EC54C6 /* Build configuration list for PBXProject "ForHacks" */ = {
			isa = XCConfigurationList;
			buildConfigurations = (
				EC60852E204A372F00EC54C6 /* Debug */,
				EC60852F204A372F00EC54C6 /* Release */,
			);
			defaultConfigurationIsVisible = 0;
			defaultConfigurationName = Release;
		};
		EC608530204A372F00EC54C6 /* Build configuration list for PBXNativeTarget "ForHacks" */ = {
			isa = XCConfigurationList;
			buildConfigurations = (
				EC608531204A372F00EC54C6 /* Debug */,
				EC608532204A372F00EC54C6 /* Release */,
			);
			defaultConfigurationIsVisible = 0;
			defaultConfigurationName = Release;
		};
		EC608533204A372F00EC54C6 /* Build configuration list for PBXNativeTarget "ForHacksTests" */ = {
			isa = XCConfigurationList;
			buildConfigurations = (
				EC608534204A372F00EC54C6 /* Debug */,
				EC608535204A372F00EC54C6 /* Release */,
			);
			defaultConfigurationIsVisible = 0;
			defaultConfigurationName = Release;
		};
		EC608536204A372F00EC54C6 /* Build configuration list for PBXNativeTarget "ForHacksUITests" */ = {
			isa = XCConfigurationList;
			buildConfigurations = (
				EC608537204A372F00EC54C6 /* Debug */,
				EC608538204A372F00EC54C6 /* Release */,
			);
			defaultConfigurationIsVisible = 0;
			defaultConfigurationName = Release;
		};
/* End XCConfigurationList section */
	};
	rootObject = EC608500204A372F00EC54C6 /* Project object */;
}
